<?xml version="1.0" encoding="utf-8"?>
<Project ToolsVersion="4.0" xmlns="http://schemas.microsoft.com/developer/msbuild/2003">
  <ItemGroup>
    <Filter Include="Resource Files">
      <UniqueIdentifier>{67DA6AB6-F800-4c08-8B7A-83BB121AAD01}</UniqueIdentifier>
      <Extensions>rc;ico;cur;bmp;dlg;rc2;rct;bin;rgs;gif;jpg;jpeg;jpe;resx;tiff;tif;png;wav;mfcribbon-ms</Extensions>
    </Filter>
    <Filter Include="Source Files">
      <UniqueIdentifier>{4FC737F1-C7A5-4376-A066-2A32D752A2FF}</UniqueIdentifier>
      <Extensions>cpp;c;cc;cxx;def;odl;idl;hpj;bat;asm;asmx</Extensions>
    </Filter>
    <Filter Include="Header Files">
      <UniqueIdentifier>{93995380-89BD-4b04-88EB-625FBE52EBFB}</UniqueIdentifier>
      <Extensions>h;hh;hpp;hxx;hm;inl;inc;xsd</Extensions>
    </Filter>
  </ItemGroup>
  <ItemGroup>
    <ClCompile Include="_FindFirst.cpp">
      <Filter>Source Files</Filter>
    </ClCompile>
    <ClCompile Include="AsynchronousFileIO.cpp">
      <Filter>Source Files</Filter>
    </ClCompile>
    <ClCompile Include="AutoRPC.cpp">
      <Filter>Source Files</Filter>
    </ClCompile>
    <ClCompile Include="BitStream.cpp">
      <Filter>Source Files</Filter>
    </ClCompile>
    <ClCompile Include="BitStream_NoTemplate.cpp">
      <Filter>Source Files</Filter>
    </ClCompile>
    <ClCompile Include="CheckSum.cpp">
      <Filter>Source Files</Filter>
    </ClCompile>
    <ClCompile Include="CommandParserInterface.cpp">
      <Filter>Source Files</Filter>
    </ClCompile>
    <ClCompile Include="ConnectionGraph.cpp">
      <Filter>Source Files</Filter>
    </ClCompile>
    <ClCompile Include="ConsoleServer.cpp">
      <Filter>Source Files</Filter>
    </ClCompile>
    <ClCompile Include="DataBlockEncryptor.cpp">
      <Filter>Source Files</Filter>
    </ClCompile>
    <ClCompile Include="DataCompressor.cpp">
      <Filter>Source Files</Filter>
    </ClCompile>
    <ClCompile Include="DirectoryDeltaTransfer.cpp">
      <Filter>Source Files</Filter>
    </ClCompile>
    <ClCompile Include="DS_BytePool.cpp">
      <Filter>Source Files</Filter>
    </ClCompile>
    <ClCompile Include="DS_ByteQueue.cpp">
      <Filter>Source Files</Filter>
    </ClCompile>
    <ClCompile Include="DS_HuffmanEncodingTree.cpp">
      <Filter>Source Files</Filter>
    </ClCompile>
    <ClCompile Include="DS_Table.cpp">
      <Filter>Source Files</Filter>
    </ClCompile>
    <ClCompile Include="EmailSender.cpp">
      <Filter>Source Files</Filter>
    </ClCompile>
    <ClCompile Include="EncodeClassName.cpp">
      <Filter>Source Files</Filter>
    </ClCompile>
    <ClCompile Include="EpochTimeToString.cpp">
      <Filter>Source Files</Filter>
    </ClCompile>
    <ClCompile Include="ExtendedOverlappedPool.cpp">
      <Filter>Source Files</Filter>
    </ClCompile>
    <ClCompile Include="FileList.cpp">
      <Filter>Source Files</Filter>
    </ClCompile>
    <ClCompile Include="FileListTransfer.cpp">
      <Filter>Source Files</Filter>
    </ClCompile>
    <ClCompile Include="FileOperations.cpp">
      <Filter>Source Files</Filter>
    </ClCompile>
    <ClCompile Include="FormatString.cpp">
      <Filter>Source Files</Filter>
    </ClCompile>
    <ClCompile Include="FullyConnectedMesh.cpp">
      <Filter>Source Files</Filter>
    </ClCompile>
    <ClCompile Include="FunctionThread.cpp">
      <Filter>Source Files</Filter>
    </ClCompile>
    <ClCompile Include="Gen_RPC8.cpp">
      <Filter>Source Files</Filter>
    </ClCompile>
    <ClCompile Include="GetTime.cpp">
      <Filter>Source Files</Filter>
    </ClCompile>
    <ClCompile Include="GridSectorizer.cpp">
      <Filter>Source Files</Filter>
    </ClCompile>
    <ClCompile Include="HTTPConnection.cpp">
      <Filter>Source Files</Filter>
    </ClCompile>
    <ClCompile Include="InlineFunctor.cpp">
      <Filter>Source Files</Filter>
    </ClCompile>
    <ClCompile Include="Itoa.cpp">
      <Filter>Source Files</Filter>
    </ClCompile>
    <ClCompile Include="LightweightDatabaseClient.cpp">
      <Filter>Source Files</Filter>
    </ClCompile>
    <ClCompile Include="LightweightDatabaseCommon.cpp">
      <Filter>Source Files</Filter>
    </ClCompile>
    <ClCompile Include="LightweightDatabaseServer.cpp">
      <Filter>Source Files</Filter>
    </ClCompile>
    <ClCompile Include="LinuxStrings.cpp">
      <Filter>Source Files</Filter>
    </ClCompile>
    <ClCompile Include="LogCommandParser.cpp">
      <Filter>Source Files</Filter>
    </ClCompile>
    <ClCompile Include="MessageFilter.cpp">
      <Filter>Source Files</Filter>
    </ClCompile>
    <ClCompile Include="NatPunchthrough.cpp">
      <Filter>Source Files</Filter>
    </ClCompile>
    <ClCompile Include="NetworkIDManager.cpp">
      <Filter>Source Files</Filter>
    </ClCompile>
    <ClCompile Include="NetworkIDObject.cpp">
      <Filter>Source Files</Filter>
    </ClCompile>
    <ClCompile Include="PacketConsoleLogger.cpp">
      <Filter>Source Files</Filter>
    </ClCompile>
    <ClCompile Include="PacketFileLogger.cpp">
      <Filter>Source Files</Filter>
    </ClCompile>
    <ClCompile Include="PacketLogger.cpp">
      <Filter>Source Files</Filter>
    </ClCompile>
    <ClCompile Include="PluginInterface.cpp">
      <Filter>Source Files</Filter>
    </ClCompile>
    <ClCompile Include="RakMemoryOverride.cpp">
      <Filter>Source Files</Filter>
    </ClCompile>
    <ClCompile Include="RakNetCommandParser.cpp">
      <Filter>Source Files</Filter>
    </ClCompile>
    <ClCompile Include="RakNetStatistics.cpp">
      <Filter>Source Files</Filter>
    </ClCompile>
    <ClCompile Include="RakNetTransport.cpp">
      <Filter>Source Files</Filter>
    </ClCompile>
    <ClCompile Include="RakNetTypes.cpp">
      <Filter>Source Files</Filter>
    </ClCompile>
    <ClCompile Include="RakNetworkFactory.cpp">
      <Filter>Source Files</Filter>
    </ClCompile>
    <ClCompile Include="RakPeer.cpp">
      <Filter>Source Files</Filter>
    </ClCompile>
    <ClCompile Include="RakSleep.cpp">
      <Filter>Source Files</Filter>
    </ClCompile>
    <ClCompile Include="RakString.cpp">
      <Filter>Source Files</Filter>
    </ClCompile>
    <ClCompile Include="RakThread.cpp">
      <Filter>Source Files</Filter>
    </ClCompile>
    <ClCompile Include="Rand.cpp">
      <Filter>Source Files</Filter>
    </ClCompile>
    <ClCompile Include="ReadyEvent.cpp">
      <Filter>Source Files</Filter>
    </ClCompile>
    <ClCompile Include="ReliabilityLayer.cpp">
      <Filter>Source Files</Filter>
    </ClCompile>
    <ClCompile Include="ReplicaManager.cpp">
      <Filter>Source Files</Filter>
    </ClCompile>
    <ClCompile Include="ReplicaManager2.cpp">
      <Filter>Source Files</Filter>
    </ClCompile>
    <ClCompile Include="rijndael.cpp">
      <Filter>Source Files</Filter>
    </ClCompile>
    <ClCompile Include="Router.cpp">
      <Filter>Source Files</Filter>
    </ClCompile>
    <ClCompile Include="RPCMap.cpp">
      <Filter>Source Files</Filter>
    </ClCompile>
    <ClCompile Include="SHA1.cpp">
      <Filter>Source Files</Filter>
    </ClCompile>
    <ClCompile Include="SimpleMutex.cpp">
      <Filter>Source Files</Filter>
    </ClCompile>
    <ClCompile Include="SocketLayer.cpp">
      <Filter>Source Files</Filter>
    </ClCompile>
    <ClCompile Include="StringCompressor.cpp">
      <Filter>Source Files</Filter>
    </ClCompile>
    <ClCompile Include="StringTable.cpp">
      <Filter>Source Files</Filter>
    </ClCompile>
    <ClCompile Include="SuperFastHash.cpp">
      <Filter>Source Files</Filter>
    </ClCompile>
    <ClCompile Include="SystemAddressList.cpp">
      <Filter>Source Files</Filter>
    </ClCompile>
    <ClCompile Include="TableSerializer.cpp">
      <Filter>Source Files</Filter>
    </ClCompile>
    <ClCompile Include="TCPInterface.cpp">
      <Filter>Source Files</Filter>
    </ClCompile>
    <ClCompile Include="TelnetTransport.cpp">
      <Filter>Source Files</Filter>
    </ClCompile>
    <ClCompile Include="ThreadsafePacketLogger.cpp">
      <Filter>Source Files</Filter>
    </ClCompile>
  </ItemGroup>
  <ItemGroup>
    <ClInclude Include="_FindFirst.h">
      <Filter>Header Files</Filter>
    </ClInclude>
    <ClInclude Include="AsynchronousFileIO.h">
      <Filter>Header Files</Filter>
    </ClInclude>
    <ClInclude Include="AutopatcherPatchContext.h">
      <Filter>Header Files</Filter>
    </ClInclude>
    <ClInclude Include="AutopatcherRepositoryInterface.h">
      <Filter>Header Files</Filter>
    </ClInclude>
    <ClInclude Include="AutoRPC.h">
      <Filter>Header Files</Filter>
    </ClInclude>
    <ClInclude Include="BigTypes.h">
      <Filter>Header Files</Filter>
    </ClInclude>
    <ClInclude Include="BitStream.h">
      <Filter>Header Files</Filter>
    </ClInclude>
    <ClInclude Include="BitStream_NoTemplate.h">
      <Filter>Header Files</Filter>
    </ClInclude>
    <ClInclude Include="CheckSum.h">
      <Filter>Header Files</Filter>
    </ClInclude>
    <ClInclude Include="ClientContextStruct.h">
      <Filter>Header Files</Filter>
    </ClInclude>
    <ClInclude Include="CommandParserInterface.h">
      <Filter>Header Files</Filter>
    </ClInclude>
    <ClInclude Include="ConnectionGraph.h">
      <Filter>Header Files</Filter>
    </ClInclude>
    <ClInclude Include="ConsoleServer.h">
      <Filter>Header Files</Filter>
    </ClInclude>
    <ClInclude Include="DataBlockEncryptor.h">
      <Filter>Header Files</Filter>
    </ClInclude>
    <ClInclude Include="DataCompressor.h">
      <Filter>Header Files</Filter>
    </ClInclude>
    <ClInclude Include="DirectoryDeltaTransfer.h">
      <Filter>Header Files</Filter>
    </ClInclude>
    <ClInclude Include="DS_BinarySearchTree.h">
      <Filter>Header Files</Filter>
    </ClInclude>
    <ClInclude Include="DS_BPlusTree.h">
      <Filter>Header Files</Filter>
    </ClInclude>
    <ClInclude Include="DS_BytePool.h">
      <Filter>Header Files</Filter>
    </ClInclude>
    <ClInclude Include="DS_ByteQueue.h">
      <Filter>Header Files</Filter>
    </ClInclude>
    <ClInclude Include="DS_Heap.h">
      <Filter>Header Files</Filter>
    </ClInclude>
    <ClInclude Include="DS_HuffmanEncodingTree.h">
      <Filter>Header Files</Filter>
    </ClInclude>
    <ClInclude Include="DS_HuffmanEncodingTreeFactory.h">
      <Filter>Header Files</Filter>
    </ClInclude>
    <ClInclude Include="DS_HuffmanEncodingTreeNode.h">
      <Filter>Header Files</Filter>
    </ClInclude>
    <ClInclude Include="DS_LinkedList.h">
      <Filter>Header Files</Filter>
    </ClInclude>
    <ClInclude Include="DS_List.h">
      <Filter>Header Files</Filter>
    </ClInclude>
    <ClInclude Include="DS_Map.h">
      <Filter>Header Files</Filter>
    </ClInclude>
    <ClInclude Include="DS_MemoryPool.h">
      <Filter>Header Files</Filter>
    </ClInclude>
    <ClInclude Include="DS_OrderedChannelHeap.h">
      <Filter>Header Files</Filter>
    </ClInclude>
    <ClInclude Include="DS_OrderedList.h">
      <Filter>Header Files</Filter>
    </ClInclude>
    <ClInclude Include="DS_Queue.h">
      <Filter>Header Files</Filter>
    </ClInclude>
    <ClInclude Include="DS_QueueLinkedList.h">
      <Filter>Header Files</Filter>
    </ClInclude>
    <ClInclude Include="DS_RangeList.h">
      <Filter>Header Files</Filter>
    </ClInclude>
    <ClInclude Include="DS_Table.h">
      <Filter>Header Files</Filter>
    </ClInclude>
    <ClInclude Include="DS_Tree.h">
      <Filter>Header Files</Filter>
    </ClInclude>
    <ClInclude Include="DS_WeightedGraph.h">
      <Filter>Header Files</Filter>
    </ClInclude>
    <ClInclude Include="EmailSender.h">
      <Filter>Header Files</Filter>
    </ClInclude>
    <ClInclude Include="EpochTimeToString.h">
      <Filter>Header Files</Filter>
    </ClInclude>
    <ClInclude Include="Export.h">
      <Filter>Header Files</Filter>
    </ClInclude>
    <ClInclude Include="ExtendedOverlappedPool.h">
      <Filter>Header Files</Filter>
    </ClInclude>
    <ClInclude Include="FileList.h">
      <Filter>Header Files</Filter>
    </ClInclude>
    <ClInclude Include="FileListTransfer.h">
      <Filter>Header Files</Filter>
    </ClInclude>
    <ClInclude Include="FileListTransferCBInterface.h">
      <Filter>Header Files</Filter>
    </ClInclude>
    <ClInclude Include="FileOperations.h">
      <Filter>Header Files</Filter>
    </ClInclude>
    <ClInclude Include="FormatString.h">
      <Filter>Header Files</Filter>
    </ClInclude>
    <ClInclude Include="FullyConnectedMesh.h">
      <Filter>Header Files</Filter>
    </ClInclude>
    <ClInclude Include="FunctionThread.h">
      <Filter>Header Files</Filter>
    </ClInclude>
    <ClInclude Include="Gen_RPC8.h">
      <Filter>Header Files</Filter>
    </ClInclude>
    <ClInclude Include="GetTime.h">
      <Filter>Header Files</Filter>
    </ClInclude>
    <ClInclude Include="GridSectorizer.h">
      <Filter>Header Files</Filter>
    </ClInclude>
    <ClInclude Include="HTTPConnection.h">
      <Filter>Header Files</Filter>
    </ClInclude>
    <ClInclude Include="InlineFunctor.h">
      <Filter>Header Files</Filter>
    </ClInclude>
    <ClInclude Include="InternalPacket.h">
      <Filter>Header Files</Filter>
    </ClInclude>
    <ClInclude Include="Itoa.h">
      <Filter>Header Files</Filter>
    </ClInclude>
    <ClInclude Include="Kbhit.h">
      <Filter>Header Files</Filter>
    </ClInclude>
    <ClInclude Include="LightweightDatabaseClient.h">
      <Filter>Header Files</Filter>
    </ClInclude>
    <ClInclude Include="LightweightDatabaseCommon.h">
      <Filter>Header Files</Filter>
    </ClInclude>
    <ClInclude Include="LightweightDatabaseServer.h">
      <Filter>Header Files</Filter>
    </ClInclude>
    <ClInclude Include="LinuxStrings.h">
      <Filter>Header Files</Filter>
    </ClInclude>
    <ClInclude Include="LogCommandParser.h">
      <Filter>Header Files</Filter>
    </ClInclude>
    <ClInclude Include="MessageFilter.h">
      <Filter>Header Files</Filter>
    </ClInclude>
    <ClInclude Include="MessageIdentifiers.h">
      <Filter>Header Files</Filter>
    </ClInclude>
    <ClInclude Include="MTUSize.h">
      <Filter>Header Files</Filter>
    </ClInclude>
    <ClInclude Include="NatPunchthrough.h">
      <Filter>Header Files</Filter>
    </ClInclude>
    <ClInclude Include="NetworkIDManager.h">
      <Filter>Header Files</Filter>
    </ClInclude>
    <ClInclude Include="NetworkIDObject.h">
      <Filter>Header Files</Filter>
    </ClInclude>
    <ClInclude Include="PacketConsoleLogger.h">
      <Filter>Header Files</Filter>
    </ClInclude>
    <ClInclude Include="PacketFileLogger.h">
      <Filter>Header Files</Filter>
    </ClInclude>
    <ClInclude Include="PacketLogger.h">
      <Filter>Header Files</Filter>
    </ClInclude>
    <ClInclude Include="PacketPool.h">
      <Filter>Header Files</Filter>
    </ClInclude>
    <ClInclude Include="PacketPriority.h">
      <Filter>Header Files</Filter>
    </ClInclude>
    <ClInclude Include="PluginInterface.h">
      <Filter>Header Files</Filter>
    </ClInclude>
    <ClInclude Include="RakAssert.h">
      <Filter>Header Files</Filter>
    </ClInclude>
    <ClInclude Include="RakMemoryOverride.h">
      <Filter>Header Files</Filter>
    </ClInclude>
    <ClInclude Include="RakNetCommandParser.h">
      <Filter>Header Files</Filter>
    </ClInclude>
    <ClInclude Include="RakNetDefines.h">
      <Filter>Header Files</Filter>
    </ClInclude>
    <ClInclude Include="RakNetStatistics.h">
      <Filter>Header Files</Filter>
    </ClInclude>
    <ClInclude Include="RakNetTransport.h">
      <Filter>Header Files</Filter>
    </ClInclude>
    <ClInclude Include="RakNetTypes.h">
      <Filter>Header Files</Filter>
    </ClInclude>
    <ClInclude Include="RakNetVersion.h">
      <Filter>Header Files</Filter>
    </ClInclude>
    <ClInclude Include="RakNetworkFactory.h">
      <Filter>Header Files</Filter>
    </ClInclude>
    <ClInclude Include="RakPeer.h">
      <Filter>Header Files</Filter>
    </ClInclude>
    <ClInclude Include="RakPeerInterface.h">
      <Filter>Header Files</Filter>
    </ClInclude>
    <ClInclude Include="RakSleep.h">
      <Filter>Header Files</Filter>
    </ClInclude>
    <ClInclude Include="RakString.h">
      <Filter>Header Files</Filter>
    </ClInclude>
    <ClInclude Include="RakThread.h">
      <Filter>Header Files</Filter>
    </ClInclude>
    <ClInclude Include="Rand.h">
      <Filter>Header Files</Filter>
    </ClInclude>
    <ClInclude Include="ReadyEvent.h">
      <Filter>Header Files</Filter>
    </ClInclude>
    <ClInclude Include="RefCountedObj.h">
      <Filter>Header Files</Filter>
    </ClInclude>
    <ClInclude Include="ReliabilityLayer.h">
      <Filter>Header Files</Filter>
    </ClInclude>
    <ClInclude Include="Replica.h">
      <Filter>Header Files</Filter>
    </ClInclude>
    <ClInclude Include="ReplicaEnums.h">
      <Filter>Header Files</Filter>
    </ClInclude>
    <ClInclude Include="ReplicaManager.h">
      <Filter>Header Files</Filter>
    </ClInclude>
    <ClInclude Include="ReplicaManager2.h">
      <Filter>Header Files</Filter>
    </ClInclude>
    <ClInclude Include="Rijndael.h">
      <Filter>Header Files</Filter>
    </ClInclude>
    <ClInclude Include="Rijndael-Boxes.h">
      <Filter>Header Files</Filter>
    </ClInclude>
    <ClInclude Include="Router.h">
      <Filter>Header Files</Filter>
    </ClInclude>
    <ClInclude Include="RouterInterface.h">
      <Filter>Header Files</Filter>
    </ClInclude>
    <ClInclude Include="RPCMap.h">
      <Filter>Header Files</Filter>
    </ClInclude>
    <ClInclude Include="RPCNode.h">
      <Filter>Header Files</Filter>
    </ClInclude>
    <ClInclude Include="RSACrypt.h">
      <Filter>Header Files</Filter>
    </ClInclude>
    <ClInclude Include="SHA1.h">
      <Filter>Header Files</Filter>
    </ClInclude>
    <ClInclude Include="SimpleMutex.h">
      <Filter>Header Files</Filter>
    </ClInclude>
    <ClInclude Include="SimpleTCPServer.h">
      <Filter>Header Files</Filter>
    </ClInclude>
    <ClInclude Include="SingleProducerConsumer.h">
      <Filter>Header Files</Filter>
    </ClInclude>
    <ClInclude Include="SocketLayer.h">
      <Filter>Header Files</Filter>
    </ClInclude>
    <ClInclude Include="StringCompressor.h">
      <Filter>Header Files</Filter>
    </ClInclude>
    <ClInclude Include="StringTable.h">
      <Filter>Header Files</Filter>
    </ClInclude>
    <ClInclude Include="SuperFastHash.h">
      <Filter>Header Files</Filter>
    </ClInclude>
    <ClInclude Include="SystemAddressList.h">
      <Filter>Header Files</Filter>
    </ClInclude>
    <ClInclude Include="TableSerializer.h">
      <Filter>Header Files</Filter>
    </ClInclude>
    <ClInclude Include="TCPInterface.h">
      <Filter>Header Files</Filter>
    </ClInclude>
    <ClInclude Include="TelnetTransport.h">
      <Filter>Header Files</Filter>
    </ClInclude>
    <ClInclude Include="ThreadPool.h">
      <Filter>Header Files</Filter>
    </ClInclude>
    <ClInclude Include="ThreadsafePacketLogger.h">
      <Filter>Header Files</Filter>
    </ClInclude>
    <ClInclude Include="TransportInterface.h">
      <Filter>Header Files</Filter>
    </ClInclude>
    <ClInclude Include="Types.h">
      <Filter>Header Files</Filter>
    </ClInclude>
  </ItemGroup>
</Project>